Microsoft Visual Studio Solution File, Format Version 12.00
# Visual Studio Version 17
VisualStudioVersion = 17.5.2.0
MinimumVisualStudioVersion = 10.0.40219.1
Project("{FAE04EC0-301F-11D3-BF4B-00C04F79EFBC}") = "ServerDotNet8", "ServerDotNet8.csproj", "{1C201438-1C58-2C54-5828-FE88E3D4E914}"
EndProject
Global
	GlobalSection(SolutionConfigurationPlatforms) = preSolution
		Debug|Any CPU = Debug|Any CPU
		Release|Any CPU = Release|Any CPU
	EndGlobalSection
	GlobalSection(ProjectConfigurationPlatforms) = postSolution
		{1C201438-1C58-2C54-5828-FE88E3D4E914}.Debug|Any CPU.ActiveCfg = Debug|Any CPU
		{1C201438-1C58-2C54-5828-FE88E3D4E914}.Debug|Any CPU.Build.0 = Debug|Any CPU
		{1C201438-1C58-2C54-5828-FE88E3D4E914}.Release|Any CPU.ActiveCfg = Release|Any CPU
		{1C201438-1C58-2C54-5828-FE88E3D4E914}.Release|Any CPU.Build.0 = Release|Any CPU
	EndGlobalSection
	GlobalSection(SolutionProperties) = preSolution
		HideSolutionNode = FALSE
	EndGlobalSection
	GlobalSection(ExtensibilityGlobals) = postSolution
		SolutionGuid = {66ED2A15-B59A-46C6-A20C-395DEBFC4488}
	EndGlobalSection
EndGlobal
